
Microsoft Visual Studio Solution File, Format Version 12.00
# Visual Studio Version 16
VisualStudioVersion = 16.0.30104.148
MinimumVisualStudioVersion = 10.0.40219.1
Project("{9A19103F-16F7-4668-BE54-9A1E7A4F7556}") = "Auction_Bidding.Web", "Auction_Bidding.Web\Auction_Bidding.Web.csproj", "{B30BACE8-6ADE-4F42-8264-5E3FD5663FFD}"
EndProject
Global
	GlobalSection(SolutionConfigurationPlatforms) = preSolution
		Debug|Any CPU = Debug|Any CPU
		Release|Any CPU = Release|Any CPU
	EndGlobalSection
	GlobalSection(ProjectConfigurationPlatforms) = postSolution
		{B30BACE8-6ADE-4F42-8264-5E3FD5663FFD}.Debug|Any CPU.ActiveCfg = Debug|Any CPU
		{B30BACE8-6ADE-4F42-8264-5E3FD5663FFD}.Debug|Any CPU.Build.0 = Debug|Any CPU
		{B30BACE8-6ADE-4F42-8264-5E3FD5663FFD}.Release|Any CPU.ActiveCfg = Release|Any CPU
		{B30BACE8-6ADE-4F42-8264-5E3FD5663FFD}.Release|Any CPU.Build.0 = Release|Any CPU
	EndGlobalSection
	GlobalSection(SolutionProperties) = preSolution
		HideSolutionNode = FALSE
	EndGlobalSection
	GlobalSection(ExtensibilityGlobals) = postSolution
		SolutionGuid = {5880B1E0-7ED3-47D3-844B-4719BE1C875E}
	EndGlobalSection
EndGlobal
